
Microsoft Visual Studio Solution File, Format Version 12.00
# Visual Studio Version 17
VisualStudioVersion = 17.11.35312.102
MinimumVisualStudioVersion = 10.0.40219.1
Project("{9A19103F-16F7-4668-BE54-9A1E7A4F7556}") = "Starter", "Starter\Starter.csproj", "{28AEFF80-C3DC-42B7-88E3-D81EEBCAAD6D}"
EndProject
Project("{FAE04EC0-301F-11D3-BF4B-00C04F79EFBC}") = "PictureViewer", "PictureViewer\PictureViewer.csproj", "{F30697EB-537B-4055-B806-4DB6C75C2D48}"
EndProject
Project("{FAE04EC0-301F-11D3-BF4B-00C04F79EFBC}") = "MatheQuiz", "MatheQuiz\MatheQuiz.csproj", "{6CFD2714-E84D-4341-BC13-036DB94A8C12}"
EndProject
Project("{FAE04EC0-301F-11D3-BF4B-00C04F79EFBC}") = "PawPatrolMemory", "PawPatrolMemory\PawPatrolMemory.csproj", "{5E458112-FADE-4D59-92D1-CABE28519D53}"
EndProject
Global
	GlobalSection(SolutionConfigurationPlatforms) = preSolution
		Debug|Any CPU = Debug|Any CPU
		Release|Any CPU = Release|Any CPU
	EndGlobalSection
	GlobalSection(ProjectConfigurationPlatforms) = postSolution
		{28AEFF80-C3DC-42B7-88E3-D81EEBCAAD6D}.Debug|Any CPU.ActiveCfg = Debug|Any CPU
		{28AEFF80-C3DC-42B7-88E3-D81EEBCAAD6D}.Debug|Any CPU.Build.0 = Debug|Any CPU
		{28AEFF80-C3DC-42B7-88E3-D81EEBCAAD6D}.Release|Any CPU.ActiveCfg = Release|Any CPU
		{28AEFF80-C3DC-42B7-88E3-D81EEBCAAD6D}.Release|Any CPU.Build.0 = Release|Any CPU
		{F30697EB-537B-4055-B806-4DB6C75C2D48}.Debug|Any CPU.ActiveCfg = Debug|Any CPU
		{F30697EB-537B-4055-B806-4DB6C75C2D48}.Debug|Any CPU.Build.0 = Debug|Any CPU
		{F30697EB-537B-4055-B806-4DB6C75C2D48}.Release|Any CPU.ActiveCfg = Release|Any CPU
		{F30697EB-537B-4055-B806-4DB6C75C2D48}.Release|Any CPU.Build.0 = Release|Any CPU
		{6CFD2714-E84D-4341-BC13-036DB94A8C12}.Debug|Any CPU.ActiveCfg = Debug|Any CPU
		{6CFD2714-E84D-4341-BC13-036DB94A8C12}.Debug|Any CPU.Build.0 = Debug|Any CPU
		{6CFD2714-E84D-4341-BC13-036DB94A8C12}.Release|Any CPU.ActiveCfg = Release|Any CPU
		{6CFD2714-E84D-4341-BC13-036DB94A8C12}.Release|Any CPU.Build.0 = Release|Any CPU
		{5E458112-FADE-4D59-92D1-CABE28519D53}.Debug|Any CPU.ActiveCfg = Debug|Any CPU
		{5E458112-FADE-4D59-92D1-CABE28519D53}.Debug|Any CPU.Build.0 = Debug|Any CPU
		{5E458112-FADE-4D59-92D1-CABE28519D53}.Release|Any CPU.ActiveCfg = Release|Any CPU
		{5E458112-FADE-4D59-92D1-CABE28519D53}.Release|Any CPU.Build.0 = Release|Any CPU
	EndGlobalSection
	GlobalSection(SolutionProperties) = preSolution
		HideSolutionNode = FALSE
	EndGlobalSection
	GlobalSection(ExtensibilityGlobals) = postSolution
		SolutionGuid = {E3875C70-DF78-4B8D-95CD-22CEC7CBB7A5}
	EndGlobalSection
EndGlobal
